{
  "requires": true,
  "lockfileVersion": 1,
  "dependencies": {
    "anim-event": {
      "version": "1.0.16",
      "resolved": "https://registry.npmjs.org/anim-event/-/anim-event-1.0.16.tgz",
      "integrity": "sha512-NjKiD2C9xyBgQh4SwjPzsTSIdoi3P95lgo28z0BDvAqsa7HbZaOjkAmOr2aVrm05WgNk0OrKiax+NX6ASgUduw=="
    },
    "cssprefix": {
      "version": "2.0.16",
      "resolved": "https://registry.npmjs.org/cssprefix/-/cssprefix-2.0.16.tgz",
      "integrity": "sha1-DDz+pG5P4FBbD6uBgkZl0KI8F84="
    },
    "leader-line": {
      "version": "1.0.5",
      "resolved": "https://registry.npmjs.org/leader-line/-/leader-line-1.0.5.tgz",
      "integrity": "sha512-OHA4YmCO7LcvnQ9u4AWUrmuIzOE1/pxOzA2eHmb0DhtoKlEf0xiBm5aYtv77OmmMeW5xnbE1G6Hayp/vrtMOmw=="
    },
    "m-class-list": {
      "version": "1.1.9",
      "resolved": "https://registry.npmjs.org/m-class-list/-/m-class-list-1.1.9.tgz",
      "integrity": "sha1-mYwtgC/O+z2n37JuGCoZRw8KD6I="
    },
    "plain-draggable": {
      "version": "2.5.12",
      "resolved": "https://registry.npmjs.org/plain-draggable/-/plain-draggable-2.5.12.tgz",
      "integrity": "sha512-NVt88QV/MffzEPPRYB77OQjHJ0jtKcyjQcHhBjPvHiMNE1qKSz6eSlJB8YYi5reRxMHVJeOq4jZXTMozHe1SCQ=="
    },
    "pointer-event": {
      "version": "1.0.0",
      "resolved": "https://registry.npmjs.org/pointer-event/-/pointer-event-1.0.0.tgz",
      "integrity": "sha512-BhISTofIpcdOi5ZmlNXMMExiYeVyqGMRL/47n7fdru9GHZIYmmLw3YmRZIes5g+8Bm+I38rlbb2wT8Ie6472tA=="
    },
    "typescript": {
      "version": "4.1.2",
      "resolved": "https://registry.npmjs.org/typescript/-/typescript-4.1.2.tgz",
      "integrity": "sha512-thGloWsGH3SOxv1SoY7QojKi0tc+8FnOmiarEGMbd/lar7QOEd3hvlx3Fp5y6FlDUGl9L+pd4n2e+oToGMmhRQ==",
      "dev": true
    }
  }
}
