{
  "requires": true,
  "lockfileVersion": 1,
  "dependencies": {
    "leader-line": {
      "version": "1.0.5",
      "resolved": "https://registry.npmjs.org/leader-line/-/leader-line-1.0.5.tgz",
      "integrity": "sha512-OHA4YmCO7LcvnQ9u4AWUrmuIzOE1/pxOzA2eHmb0DhtoKlEf0xiBm5aYtv77OmmMeW5xnbE1G6Hayp/vrtMOmw=="
    },
    "typescript": {
      "version": "4.1.2",
      "resolved": "https://registry.npmjs.org/typescript/-/typescript-4.1.2.tgz",
      "integrity": "sha512-thGloWsGH3SOxv1SoY7QojKi0tc+8FnOmiarEGMbd/lar7QOEd3hvlx3Fp5y6FlDUGl9L+pd4n2e+oToGMmhRQ==",
      "dev": true
    }
  }
}
